
Microsoft Visual Studio Solution File, Format Version 12.00
# Visual Studio 15
VisualStudioVersion = 15.0.35213.121
MinimumVisualStudioVersion = 10.0.40219.1
Project("{FAE04EC0-301F-11D3-BF4B-00C04F79EFBC}") = "SpiralMatris", "SpiralMatris\SpiralMatris.csproj", "{A6989EA2-D968-4ED9-B759-84FE4B32EF4C}"
EndProject
Global
	GlobalSection(SolutionConfigurationPlatforms) = preSolution
		Debug|Any CPU = Debug|Any CPU
		Release|Any CPU = Release|Any CPU
	EndGlobalSection
	GlobalSection(ProjectConfigurationPlatforms) = postSolution
		{A6989EA2-D968-4ED9-B759-84FE4B32EF4C}.Debug|Any CPU.ActiveCfg = Debug|Any CPU
		{A6989EA2-D968-4ED9-B759-84FE4B32EF4C}.Debug|Any CPU.Build.0 = Debug|Any CPU
		{A6989EA2-D968-4ED9-B759-84FE4B32EF4C}.Release|Any CPU.ActiveCfg = Release|Any CPU
		{A6989EA2-D968-4ED9-B759-84FE4B32EF4C}.Release|Any CPU.Build.0 = Release|Any CPU
	EndGlobalSection
	GlobalSection(SolutionProperties) = preSolution
		HideSolutionNode = FALSE
	EndGlobalSection
	GlobalSection(ExtensibilityGlobals) = postSolution
		SolutionGuid = {EEE7BD82-F504-4816-9D44-12CEAE09C1D3}
	EndGlobalSection
EndGlobal
